// !$*UTF8*$!
{
	archiveVersion = 1;
	classes = {
	};
	objectVersion = 55;
	objects = {

/* Begin PBXBuildFile section */
		A88CF918284C1951009FAD06 /* AppDelegate.swift in Sources */ = {isa = PBXBuildFile; fileRef = A88CF917284C1951009FAD06 /* AppDelegate.swift */; };
		A88CF91A284C1951009FAD06 /* SceneDelegate.swift in Sources */ = {isa = PBXBuildFile; fileRef = A88CF919284C1951009FAD06 /* SceneDelegate.swift */; };
		A88CF91C284C1951009FAD06 /* ViewController.swift in Sources */ = {isa = PBXBuildFile; fileRef = A88CF91B284C1951009FAD06 /* ViewController.swift */; };
		A88CF91F284C1951009FAD06 /* Main.storyboard in Resources */ = {isa = PBXBuildFile; fileRef = A88CF91D284C1951009FAD06 /* Main.storyboard */; };
		A88CF922284C1951009FAD06 /* Spoty_Fake_AAmaya.xcdatamodeld in Sources */ = {isa = PBXBuildFile; fileRef = A88CF920284C1951009FAD06 /* Spoty_Fake_AAmaya.xcdatamodeld */; };
		A88CF924284C1955009FAD06 /* Assets.xcassets in Resources */ = {isa = PBXBuildFile; fileRef = A88CF923284C1955009FAD06 /* Assets.xcassets */; };
		A88CF927284C1955009FAD06 /* LaunchScreen.storyboard in Resources */ = {isa = PBXBuildFile; fileRef = A88CF925284C1955009FAD06 /* LaunchScreen.storyboard */; };
/* End PBXBuildFile section */

/* Begin PBXFileReference section */
		A88CF914284C1951009FAD06 /* Spoty-Fake-AAmaya.app */ = {isa = PBXFileReference; explicitFileType = wrapper.application; includeInIndex = 0; path = "Spoty-Fake-AAmaya.app"; sourceTree = BUILT_PRODUCTS_DIR; };
		A88CF917284C1951009FAD06 /* AppDelegate.swift */ = {isa = PBXFileReference; lastKnownFileType = sourcecode.swift; path = AppDelegate.swift; sourceTree = "<group>"; };
		A88CF919284C1951009FAD06 /* SceneDelegate.swift */ = {isa = PBXFileReference; lastKnownFileType = sourcecode.swift; path = SceneDelegate.swift; sourceTree = "<group>"; };
		A88CF91B284C1951009FAD06 /* ViewController.swift */ = {isa = PBXFileReference; lastKnownFileType = sourcecode.swift; path = ViewController.swift; sourceTree = "<group>"; };
		A88CF91E284C1951009FAD06 /* Base */ = {isa = PBXFileReference; lastKnownFileType = file.storyboard; name = Base; path = Base.lproj/Main.storyboard; sourceTree = "<group>"; };
		A88CF921284C1951009FAD06 /* Spoty_Fake_AAmaya.xcdatamodel */ = {isa = PBXFileReference; lastKnownFileType = wrapper.xcdatamodel; path = Spoty_Fake_AAmaya.xcdatamodel; sourceTree = "<group>"; };
		A88CF923284C1955009FAD06 /* Assets.xcassets */ = {isa = PBXFileReference; lastKnownFileType = folder.assetcatalog; path = Assets.xcassets; sourceTree = "<group>"; };
		A88CF926284C1955009FAD06 /* Base */ = {isa = PBXFileReference; lastKnownFileType = file.storyboard; name = Base; path = Base.lproj/LaunchScreen.storyboard; sourceTree = "<group>"; };
		A88CF928284C1955009FAD06 /* Info.plist */ = {isa = PBXFileReference; lastKnownFileType = text.plist.xml; path = Info.plist; sourceTree = "<group>"; };
/* End PBXFileReference section */

/* Begin PBXFrameworksBuildPhase section */
		A88CF911284C1951009FAD06 /* Frameworks */ = {
			isa = PBXFrameworksBuildPhase;
			buildActionMask = 2147483647;
			files = (
			);
			runOnlyForDeploymentPostprocessing = 0;
		};
/* End PBXFrameworksBuildPhase section */

/* Begin PBXGroup section */
		A88CF90B284C1950009FAD06 = {
			isa = PBXGroup;
			children = (
				A88CF916284C1951009FAD06 /* Spoty-Fake-AAmaya */,
				A88CF915284C1951009FAD06 /* Products */,
			);
			sourceTree = "<group>";
		};
		A88CF915284C1951009FAD06 /* Products */ = {
			isa = PBXGroup;
			children = (
				A88CF914284C1951009FAD06 /* Spoty-Fake-AAmaya.app */,
			);
			name = Products;
			sourceTree = "<group>";
		};
		A88CF916284C1951009FAD06 /* Spoty-Fake-AAmaya */ = {
			isa = PBXGroup;
			children = (
				A88CF917284C1951009FAD06 /* AppDelegate.swift */,
				A88CF919284C1951009FAD06 /* SceneDelegate.swift */,
				A88CF91B284C1951009FAD06 /* ViewController.swift */,
				A88CF91D284C1951009FAD06 /* Main.storyboard */,
				A88CF923284C1955009FAD06 /* Assets.xcassets */,
				A88CF925284C1955009FAD06 /* LaunchScreen.storyboard */,
				A88CF928284C1955009FAD06 /* Info.plist */,
				A88CF920284C1951009FAD06 /* Spoty_Fake_AAmaya.xcdatamodeld */,
			);
			path = "Spoty-Fake-AAmaya";
			sourceTree = "<group>";
		};
/* End PBXGroup section */

/* Begin PBXNativeTarget section */
		A88CF913284C1951009FAD06 /* Spoty-Fake-AAmaya */ = {
			isa = PBXNativeTarget;
			buildConfigurationList = A88CF92B284C1955009FAD06 /* Build configuration list for PBXNativeTarget "Spoty-Fake-AAmaya" */;
			buildPhases = (
				A88CF910284C1951009FAD06 /* Sources */,
				A88CF911284C1951009FAD06 /* Frameworks */,
				A88CF912284C1951009FAD06 /* Resources */,
			);
			buildRules = (
			);
			dependencies = (
			);
			name = "Spoty-Fake-AAmaya";
			productName = "Spoty-Fake-AAmaya";
			productReference = A88CF914284C1951009FAD06 /* Spoty-Fake-AAmaya.app */;
			productType = "com.apple.product-type.application";
		};
/* End PBXNativeTarget section */

/* Begin PBXProject section */
		A88CF90C284C1950009FAD06 /* Project object */ = {
			isa = PBXProject;
			attributes = {
				BuildIndependentTargetsInParallel = 1;
				LastSwiftUpdateCheck = 1330;
				LastUpgradeCheck = 1330;
				TargetAttributes = {
					A88CF913284C1951009FAD06 = {
						CreatedOnToolsVersion = 13.3.1;
					};
				};
			};
			buildConfigurationList = A88CF90F284C1950009FAD06 /* Build configuration list for PBXProject "Spoty-Fake-AAmaya" */;
			compatibilityVersion = "Xcode 13.0";
			developmentRegion = en;
			hasScannedForEncodings = 0;
			knownRegions = (
				en,
				Base,
			);
			mainGroup = A88CF90B284C1950009FAD06;
			productRefGroup = A88CF915284C1951009FAD06 /* Products */;
			projectDirPath = "";
			projectRoot = "";
			targets = (
				A88CF913284C1951009FAD06 /* Spoty-Fake-AAmaya */,
			);
		};
/* End PBXProject section */

/* Begin PBXResourcesBuildPhase section */
		A88CF912284C1951009FAD06 /* Resources */ = {
			isa = PBXResourcesBuildPhase;
			buildActionMask = 2147483647;
			files = (
				A88CF927284C1955009FAD06 /* LaunchScreen.storyboard in Resources */,
				A88CF924284C1955009FAD06 /* Assets.xcassets in Resources */,
				A88CF91F284C1951009FAD06 /* Main.storyboard in Resources */,
			);
			runOnlyForDeploymentPostprocessing = 0;
		};
/* End PBXResourcesBuildPhase section */

/* Begin PBXSourcesBuildPhase section */
		A88CF910284C1951009FAD06 /* Sources */ = {
			isa = PBXSourcesBuildPhase;
			buildActionMask = 2147483647;
			files = (
				A88CF922284C1951009FAD06 /* Spoty_Fake_AAmaya.xcdatamodeld in Sources */,
				A88CF91C284C1951009FAD06 /* ViewController.swift in Sources */,
				A88CF918284C1951009FAD06 /* AppDelegate.swift in Sources */,
				A88CF91A284C1951009FAD06 /* SceneDelegate.swift in Sources */,
			);
			runOnlyForDeploymentPostprocessing = 0;
		};
/* End PBXSourcesBuildPhase section */

/* Begin PBXVariantGroup section */
		A88CF91D284C1951009FAD06 /* Main.storyboard */ = {
			isa = PBXVariantGroup;
			children = (
				A88CF91E284C1951009FAD06 /* Base */,
			);
			name = Main.storyboard;
			sourceTree = "<group>";
		};
		A88CF925284C1955009FAD06 /* LaunchScreen.storyboard */ = {
			isa = PBXVariantGroup;
			children = (
				A88CF926284C1955009FAD06 /* Base */,
			);
			name = LaunchScreen.storyboard;
			sourceTree = "<group>";
		};
/* End PBXVariantGroup section */

/* Begin XCBuildConfiguration section */
		A88CF929284C1955009FAD06 /* Debug */ = {
			isa = XCBuildConfiguration;
			buildSettings = {
				ALWAYS_SEARCH_USER_PATHS = NO;
				CLANG_ANALYZER_NONNULL = YES;
				CLANG_ANALYZER_NUMBER_OBJECT_CONVERSION = YES_AGGRESSIVE;
				CLANG_CXX_LANGUAGE_STANDARD = "gnu++17";
				CLANG_ENABLE_MODULES = YES;
				CLANG_ENABLE_OBJC_ARC = YES;
				CLANG_ENABLE_OBJC_WEAK = YES;
				CLANG_WARN_BLOCK_CAPTURE_AUTORELEASING = YES;
				CLANG_WARN_BOOL_CONVERSION = YES;
				CLANG_WARN_COMMA = YES;
				CLANG_WARN_CONSTANT_CONVERSION = YES;
				CLANG_WARN_DEPRECATED_OBJC_IMPLEMENTATIONS = YES;
				CLANG_WARN_DIRECT_OBJC_ISA_USAGE = YES_ERROR;
				CLANG_WARN_DOCUMENTATION_COMMENTS = YES;
				CLANG_WARN_EMPTY_BODY = YES;
				CLANG_WARN_ENUM_CONVERSION = YES;
				CLANG_WARN_INFINITE_RECURSION = YES;
				CLANG_WARN_INT_CONVERSION = YES;
				CLANG_WARN_NON_LITERAL_NULL_CONVERSION = YES;
				CLANG_WARN_OBJC_IMPLICIT_RETAIN_SELF = YES;
				CLANG_WARN_OBJC_LITERAL_CONVERSION = YES;
				CLANG_WARN_OBJC_ROOT_CLASS = YES_ERROR;
				CLANG_WARN_QUOTED_INCLUDE_IN_FRAMEWORK_HEADER = YES;
				CLANG_WARN_RANGE_LOOP_ANALYSIS = YES;
				CLANG_WARN_STRICT_PROTOTYPES = YES;
				CLANG_WARN_SUSPICIOUS_MOVE = YES;
				CLANG_WARN_UNGUARDED_AVAILABILITY = YES_AGGRESSIVE;
				CLANG_WARN_UNREACHABLE_CODE = YES;
				CLANG_WARN__DUPLICATE_METHOD_MATCH = YES;
				COPY_PHASE_STRIP = NO;
				DEBUG_INFORMATION_FORMAT = dwarf;
				ENABLE_STRICT_OBJC_MSGSEND = YES;
				ENABLE_TESTABILITY = YES;
				GCC_C_LANGUAGE_STANDARD = gnu11;
				GCC_DYNAMIC_NO_PIC = NO;
				GCC_NO_COMMON_BLOCKS = YES;
				GCC_OPTIMIZATION_LEVEL = 0;
				GCC_PREPROCESSOR_DEFINITIONS = (
					"DEBUG=1",
					"$(inherited)",
				);
				GCC_WARN_64_TO_32_BIT_CONVERSION = YES;
				GCC_WARN_ABOUT_RETURN_TYPE = YES_ERROR;
				GCC_WARN_UNDECLARED_SELECTOR = YES;
				GCC_WARN_UNINITIALIZED_AUTOS = YES_AGGRESSIVE;
				GCC_WARN_UNUSED_FUNCTION = YES;
				GCC_WARN_UNUSED_VARIABLE = YES;
				IPHONEOS_DEPLOYMENT_TARGET = 15.4;
				MTL_ENABLE_DEBUG_INFO = INCLUDE_SOURCE;
				MTL_FAST_MATH = YES;
				ONLY_ACTIVE_ARCH = YES;
				SDKROOT = iphoneos;
				SWIFT_ACTIVE_COMPILATION_CONDITIONS = DEBUG;
				SWIFT_OPTIMIZATION_LEVEL = "-Onone";
			};
			name = Debug;
		};
		A88CF92A284C1955009FAD06 /* Release */ = {
			isa = XCBuildConfiguration;
			buildSettings = {
				ALWAYS_SEARCH_USER_PATHS = NO;
				CLANG_ANALYZER_NONNULL = YES;
				CLANG_ANALYZER_NUMBER_OBJECT_CONVERSION = YES_AGGRESSIVE;
				CLANG_CXX_LANGUAGE_STANDARD = "gnu++17";
				CLANG_ENABLE_MODULES = YES;
				CLANG_ENABLE_OBJC_ARC = YES;
				CLANG_ENABLE_OBJC_WEAK = YES;
				CLANG_WARN_BLOCK_CAPTURE_AUTORELEASING = YES;
				CLANG_WARN_BOOL_CONVERSION = YES;
				CLANG_WARN_COMMA = YES;
				CLANG_WARN_CONSTANT_CONVERSION = YES;
				CLANG_WARN_DEPRECATED_OBJC_IMPLEMENTATIONS = YES;
				CLANG_WARN_DIRECT_OBJC_ISA_USAGE = YES_ERROR;
				CLANG_WARN_DOCUMENTATION_COMMENTS = YES;
				CLANG_WARN_EMPTY_BODY = YES;
				CLANG_WARN_ENUM_CONVERSION = YES;
				CLANG_WARN_INFINITE_RECURSION = YES;
				CLANG_WARN_INT_CONVERSION = YES;
				CLANG_WARN_NON_LITERAL_NULL_CONVERSION = YES;
				CLANG_WARN_OBJC_IMPLICIT_RETAIN_SELF = YES;
				CLANG_WARN_OBJC_LITERAL_CONVERSION = YES;
				CLANG_WARN_OBJC_ROOT_CLASS = YES_ERROR;
				CLANG_WARN_QUOTED_INCLUDE_IN_FRAMEWORK_HEADER = YES;
				CLANG_WARN_RANGE_LOOP_ANALYSIS = YES;
				CLANG_WARN_STRICT_PROTOTYPES = YES;
				CLANG_WARN_SUSPICIOUS_MOVE = YES;
				CLANG_WARN_UNGUARDED_AVAILABILITY = YES_AGGRESSIVE;
				CLANG_WARN_UNREACHABLE_CODE = YES;
				CLANG_WARN__DUPLICATE_METHOD_MATCH = YES;
				COPY_PHASE_STRIP = NO;
				DEBUG_INFORMATION_FORMAT = "dwarf-with-dsym";
				ENABLE_NS_ASSERTIONS = NO;
				ENABLE_STRICT_OBJC_MSGSEND = YES;
				GCC_C_LANGUAGE_STANDARD = gnu11;
				GCC_NO_COMMON_BLOCKS = YES;
				GCC_WARN_64_TO_32_BIT_CONVERSION = YES;
				GCC_WARN_ABOUT_RETURN_TYPE = YES_ERROR;
				GCC_WARN_UNDECLARED_SELECTOR = YES;
				GCC_WARN_UNINITIALIZED_AUTOS = YES_AGGRESSIVE;
				GCC_WARN_UNUSED_FUNCTION = YES;
				GCC_WARN_UNUSED_VARIABLE = YES;
				IPHONEOS_DEPLOYMENT_TARGET = 15.4;
				MTL_ENABLE_DEBUG_INFO = NO;
				MTL_FAST_MATH = YES;
				SDKROOT = iphoneos;
				SWIFT_COMPILATION_MODE = wholemodule;
				SWIFT_OPTIMIZATION_LEVEL = "-O";
				VALIDATE_PRODUCT = YES;
			};
			name = Release;
		};
		A88CF92C284C1955009FAD06 /* Debug */ = {
			isa = XCBuildConfiguration;
			buildSettings = {
				ASSETCATALOG_COMPILER_APPICON_NAME = AppIcon;
				ASSETCATALOG_COMPILER_GLOBAL_ACCENT_COLOR_NAME = AccentColor;
				CODE_SIGN_STYLE = Automatic;
				CURRENT_PROJECT_VERSION = 1;
				GENERATE_INFOPLIST_FILE = YES;
				INFOPLIST_FILE = "Spoty-Fake-AAmaya/Info.plist";
				INFOPLIST_KEY_UIApplicationSupportsIndirectInputEvents = YES;
				INFOPLIST_KEY_UILaunchStoryboardName = LaunchScreen;
				INFOPLIST_KEY_UIMainStoryboardFile = Main;
				INFOPLIST_KEY_UISupportedInterfaceOrientations_iPad = "UIInterfaceOrientationPortrait UIInterfaceOrientationPortraitUpsideDown UIInterfaceOrientationLandscapeLeft UIInterfaceOrientationLandscapeRight";
				INFOPLIST_KEY_UISupportedInterfaceOrientations_iPhone = "UIInterfaceOrientationPortrait UIInterfaceOrientationLandscapeLeft UIInterfaceOrientationLandscapeRight";
				LD_RUNPATH_SEARCH_PATHS = (
					"$(inherited)",
					"@executable_path/Frameworks",
				);
				MARKETING_VERSION = 1.0;
				PRODUCT_BUNDLE_IDENTIFIER = "AtsumiAmaya.Spoty-Fake-AAmaya";
				PRODUCT_NAME = "$(TARGET_NAME)";
				SWIFT_EMIT_LOC_STRINGS = YES;
				SWIFT_VERSION = 5.0;
				TARGETED_DEVICE_FAMILY = "1,2";
			};
			name = Debug;
		};
		A88CF92D284C1955009FAD06 /* Release */ = {
			isa = XCBuildConfiguration;
			buildSettings = {
				ASSETCATALOG_COMPILER_APPICON_NAME = AppIcon;
				ASSETCATALOG_COMPILER_GLOBAL_ACCENT_COLOR_NAME = AccentColor;
				CODE_SIGN_STYLE = Automatic;
				CURRENT_PROJECT_VERSION = 1;
				GENERATE_INFOPLIST_FILE = YES;
				INFOPLIST_FILE = "Spoty-Fake-AAmaya/Info.plist";
				INFOPLIST_KEY_UIApplicationSupportsIndirectInputEvents = YES;
				INFOPLIST_KEY_UILaunchStoryboardName = LaunchScreen;
				INFOPLIST_KEY_UIMainStoryboardFile = Main;
				INFOPLIST_KEY_UISupportedInterfaceOrientations_iPad = "UIInterfaceOrientationPortrait UIInterfaceOrientationPortraitUpsideDown UIInterfaceOrientationLandscapeLeft UIInterfaceOrientationLandscapeRight";
				INFOPLIST_KEY_UISupportedInterfaceOrientations_iPhone = "UIInterfaceOrientationPortrait UIInterfaceOrientationLandscapeLeft UIInterfaceOrientationLandscapeRight";
				LD_RUNPATH_SEARCH_PATHS = (
					"$(inherited)",
					"@executable_path/Frameworks",
				);
				MARKETING_VERSION = 1.0;
				PRODUCT_BUNDLE_IDENTIFIER = "AtsumiAmaya.Spoty-Fake-AAmaya";
				PRODUCT_NAME = "$(TARGET_NAME)";
				SWIFT_EMIT_LOC_STRINGS = YES;
				SWIFT_VERSION = 5.0;
				TARGETED_DEVICE_FAMILY = "1,2";
			};
			name = Release;
		};
/* End XCBuildConfiguration section */

/* Begin XCConfigurationList section */
		A88CF90F284C1950009FAD06 /* Build configuration list for PBXProject "Spoty-Fake-AAmaya" */ = {
			isa = XCConfigurationList;
			buildConfigurations = (
				A88CF929284C1955009FAD06 /* Debug */,
				A88CF92A284C1955009FAD06 /* Release */,
			);
			defaultConfigurationIsVisible = 0;
			defaultConfigurationName = Release;
		};
		A88CF92B284C1955009FAD06 /* Build configuration list for PBXNativeTarget "Spoty-Fake-AAmaya" */ = {
			isa = XCConfigurationList;
			buildConfigurations = (
				A88CF92C284C1955009FAD06 /* Debug */,
				A88CF92D284C1955009FAD06 /* Release */,
			);
			defaultConfigurationIsVisible = 0;
			defaultConfigurationName = Release;
		};
/* End XCConfigurationList section */

/* Begin XCVersionGroup section */
		A88CF920284C1951009FAD06 /* Spoty_Fake_AAmaya.xcdatamodeld */ = {
			isa = XCVersionGroup;
			children = (
				A88CF921284C1951009FAD06 /* Spoty_Fake_AAmaya.xcdatamodel */,
			);
			currentVersion = A88CF921284C1951009FAD06 /* Spoty_Fake_AAmaya.xcdatamodel */;
			path = Spoty_Fake_AAmaya.xcdatamodeld;
			sourceTree = "<group>";
			versionGroupType = wrapper.xcdatamodel;
		};
/* End XCVersionGroup section */
	};
	rootObject = A88CF90C284C1950009FAD06 /* Project object */;
}
